// !$*UTF8*$!
{
	archiveVersion = 1;
	classes = {
	};
	objectVersion = 51;
	objects = {

/* Begin PBXBuildFile section */
		1B176E2747BA9C95AC4B983F /* Pods_GitCommits.framework in Frameworks */ = {isa = PBXBuildFile; fileRef = 9981E4C8737A16EA1C093D02 /* Pods_GitCommits.framework */; };
		89194B0A25DD8A8100E8E21B /* AppDelegate.swift in Sources */ = {isa = PBXBuildFile; fileRef = 89194B0925DD8A8100E8E21B /* AppDelegate.swift */; };
		89194B0C25DD8A8100E8E21B /* SceneDelegate.swift in Sources */ = {isa = PBXBuildFile; fileRef = 89194B0B25DD8A8100E8E21B /* SceneDelegate.swift */; };
		89194B0E25DD8A8100E8E21B /* HomeViewController.swift in Sources */ = {isa = PBXBuildFile; fileRef = 89194B0D25DD8A8100E8E21B /* HomeViewController.swift */; };
		89194B1325DD8A8400E8E21B /* Assets.xcassets in Resources */ = {isa = PBXBuildFile; fileRef = 89194B1225DD8A8400E8E21B /* Assets.xcassets */; };
		89194B1625DD8A8400E8E21B /* LaunchScreen.storyboard in Resources */ = {isa = PBXBuildFile; fileRef = 89194B1425DD8A8400E8E21B /* LaunchScreen.storyboard */; };
		89194B2125DD8A8400E8E21B /* GitCommitsTests.swift in Sources */ = {isa = PBXBuildFile; fileRef = 89194B2025DD8A8400E8E21B /* GitCommitsTests.swift */; };
		89194B5425DD915600E8E21B /* HTTPResponseHandler.swift in Sources */ = {isa = PBXBuildFile; fileRef = 89194B5325DD915600E8E21B /* HTTPResponseHandler.swift */; };
		89194B5A25DD917300E8E21B /* HTTPRequest.swift in Sources */ = {isa = PBXBuildFile; fileRef = 89194B5925DD917300E8E21B /* HTTPRequest.swift */; };
		89194B6025DD918D00E8E21B /* HTTPClient.swift in Sources */ = {isa = PBXBuildFile; fileRef = 89194B5F25DD918D00E8E21B /* HTTPClient.swift */; };
		89194B6625DD91A200E8E21B /* HTTPError.swift in Sources */ = {isa = PBXBuildFile; fileRef = 89194B6525DD91A200E8E21B /* HTTPError.swift */; };
		89194B6C25DD91C400E8E21B /* SessionManager_Protocol.swift in Sources */ = {isa = PBXBuildFile; fileRef = 89194B6B25DD91C400E8E21B /* SessionManager_Protocol.swift */; };
		89194B8425DD92D900E8E21B /* Commit.swift in Sources */ = {isa = PBXBuildFile; fileRef = 89194B8325DD92D900E8E21B /* Commit.swift */; };
		89194B9025DD9FE000E8E21B /* HomeViewModel.swift in Sources */ = {isa = PBXBuildFile; fileRef = 89194B8F25DD9FE000E8E21B /* HomeViewModel.swift */; };
		89194B9625DDA12900E8E21B /* AlertPresenter.swift in Sources */ = {isa = PBXBuildFile; fileRef = 89194B9525DDA12900E8E21B /* AlertPresenter.swift */; };
		89194B9C25DDA51000E8E21B /* HomeView.swift in Sources */ = {isa = PBXBuildFile; fileRef = 89194B9B25DDA51000E8E21B /* HomeView.swift */; };
		89194BA325DDA58400E8E21B /* CommitCell.swift in Sources */ = {isa = PBXBuildFile; fileRef = 89194BA225DDA58400E8E21B /* CommitCell.swift */; };
		89194BAD25DDA5CA00E8E21B /* CommitCellView.swift in Sources */ = {isa = PBXBuildFile; fileRef = 89194BAC25DDA5CA00E8E21B /* CommitCellView.swift */; };
		89194BBF25DDAC9A00E8E21B /* Fonts.swift in Sources */ = {isa = PBXBuildFile; fileRef = 89194BBE25DDAC9A00E8E21B /* Fonts.swift */; };
		89194BC525DE179E00E8E21B /* Layout.swift in Sources */ = {isa = PBXBuildFile; fileRef = 89194BC425DE179E00E8E21B /* Layout.swift */; };
		89194BD125DEDB2800E8E21B /* HTTPClientTests.swift in Sources */ = {isa = PBXBuildFile; fileRef = 89194BCF25DEDB2800E8E21B /* HTTPClientTests.swift */; };
		89194BDA25DEDC4B00E8E21B /* FakeSessionManager.swift in Sources */ = {isa = PBXBuildFile; fileRef = 89194BD825DEDC4B00E8E21B /* FakeSessionManager.swift */; };
		89194BE925DEDC7600E8E21B /* FakeHTTPResponseHandler.swift in Sources */ = {isa = PBXBuildFile; fileRef = 89194BE725DEDC7600E8E21B /* FakeHTTPResponseHandler.swift */; };
		89194BF225DEDD7600E8E21B /* http-client-test-body.json in Resources */ = {isa = PBXBuildFile; fileRef = 89194BF125DEDD7600E8E21B /* http-client-test-body.json */; };
		89194BF325DEDD7600E8E21B /* http-client-test-body.json in Resources */ = {isa = PBXBuildFile; fileRef = 89194BF125DEDD7600E8E21B /* http-client-test-body.json */; };
		89194BFB25DEDD8C00E8E21B /* Resources.swift in Sources */ = {isa = PBXBuildFile; fileRef = 89194BFA25DEDD8C00E8E21B /* Resources.swift */; };
		89194C0025DEDDED00E8E21B /* HTTPRequestTests.swift in Sources */ = {isa = PBXBuildFile; fileRef = 89194BFF25DEDDED00E8E21B /* HTTPRequestTests.swift */; };
		89194C0525DEDE0B00E8E21B /* HTTPResponseHandlerTests.swift in Sources */ = {isa = PBXBuildFile; fileRef = 89194C0425DEDE0B00E8E21B /* HTTPResponseHandlerTests.swift */; };
		89194C0A25DEDE6600E8E21B /* Result+Testing.swift in Sources */ = {isa = PBXBuildFile; fileRef = 89194C0925DEDE6600E8E21B /* Result+Testing.swift */; };
		89194C1225DEDEE700E8E21B /* FakeHTTPClient.swift in Sources */ = {isa = PBXBuildFile; fileRef = 89194C1125DEDEE700E8E21B /* FakeHTTPClient.swift */; };
		89194C1725DEDF0200E8E21B /* FakeAlertPresenter.swift in Sources */ = {isa = PBXBuildFile; fileRef = 89194C1625DEDF0200E8E21B /* FakeAlertPresenter.swift */; };
		89194C1C25DEDF5400E8E21B /* FakeGitService.swift in Sources */ = {isa = PBXBuildFile; fileRef = 89194C1B25DEDF5400E8E21B /* FakeGitService.swift */; };
		89194C2125DEE3B800E8E21B /* FakeHomeViewModelDelegate.swift in Sources */ = {isa = PBXBuildFile; fileRef = 89194C2025DEE3B800E8E21B /* FakeHomeViewModelDelegate.swift */; };
		89194C2625DEE3E000E8E21B /* FakeCommitCellView.swift in Sources */ = {isa = PBXBuildFile; fileRef = 89194C2525DEE3E000E8E21B /* FakeCommitCellView.swift */; };
		89194C3125DEE65000E8E21B /* XCTestCase_FatalError.swift in Sources */ = {isa = PBXBuildFile; fileRef = 89194C3025DEE65000E8E21B /* XCTestCase_FatalError.swift */; };
		89194C3C25DEE69900E8E21B /* FatalErrorUtil.swift in Sources */ = {isa = PBXBuildFile; fileRef = 89194C3B25DEE69900E8E21B /* FatalErrorUtil.swift */; };
		89194C4625DEE71600E8E21B /* CommitTest.swift in Sources */ = {isa = PBXBuildFile; fileRef = 89194C4525DEE71600E8E21B /* CommitTest.swift */; };
		89194C4F25DEE79600E8E21B /* commit-valid.json in Resources */ = {isa = PBXBuildFile; fileRef = 89194C4D25DEE79600E8E21B /* commit-valid.json */; };
		89194C5025DEE79600E8E21B /* commit-missing-key.json in Resources */ = {isa = PBXBuildFile; fileRef = 89194C4E25DEE79600E8E21B /* commit-missing-key.json */; };
		89194C5C25DEE9E800E8E21B /* AlertPresenterTests.swift in Sources */ = {isa = PBXBuildFile; fileRef = 89194C5B25DEE9E800E8E21B /* AlertPresenterTests.swift */; };
		89194C6425DEEA1100E8E21B /* PartiallyFakeViewController.swift in Sources */ = {isa = PBXBuildFile; fileRef = 89194C6325DEEA1100E8E21B /* PartiallyFakeViewController.swift */; };
		89194C6A25DEEAC000E8E21B /* CommitServiceTest.swift in Sources */ = {isa = PBXBuildFile; fileRef = 89194C6925DEEAC000E8E21B /* CommitServiceTest.swift */; };
		89194C7325DEEC9A00E8E21B /* commit-invalid-response.json in Resources */ = {isa = PBXBuildFile; fileRef = 89194C7125DEEC9A00E8E21B /* commit-invalid-response.json */; };
		89194C7425DEEC9A00E8E21B /* commit-valid-response.json in Resources */ = {isa = PBXBuildFile; fileRef = 89194C7225DEEC9A00E8E21B /* commit-valid-response.json */; };
		89194C8A25DEEF1C00E8E21B /* HomeViewModelTest.swift in Sources */ = {isa = PBXBuildFile; fileRef = 89194C8925DEEF1C00E8E21B /* HomeViewModelTest.swift */; };
		89194C8F25DEF07900E8E21B /* CustomViewTests.swift in Sources */ = {isa = PBXBuildFile; fileRef = 89194C8E25DEF07900E8E21B /* CustomViewTests.swift */; };
		89194C9425DEF09E00E8E21B /* HomeViewtest.swift in Sources */ = {isa = PBXBuildFile; fileRef = 89194C9325DEF09E00E8E21B /* HomeViewtest.swift */; };
		89194C9925DF277B00E8E21B /* HomeViewControllerTest.swift in Sources */ = {isa = PBXBuildFile; fileRef = 89194C9825DF277B00E8E21B /* HomeViewControllerTest.swift */; };
		89750CDB25DF880400F2A239 /* FakeHomeViewModel.swift in Sources */ = {isa = PBXBuildFile; fileRef = 89750CDA25DF880400F2A239 /* FakeHomeViewModel.swift */; };
		89750D0925DF8B8D00F2A239 /* ApiConstants.swift in Sources */ = {isa = PBXBuildFile; fileRef = 89194B8925DD94AD00E8E21B /* ApiConstants.swift */; };
		89750D0A25DF8B8D00F2A239 /* GitService.swift in Sources */ = {isa = PBXBuildFile; fileRef = 89194B7D25DD926C00E8E21B /* GitService.swift */; };
		89750D2E25DF8EEB00F2A239 /* CommitCellTest.swift in Sources */ = {isa = PBXBuildFile; fileRef = 89750D2D25DF8EEB00F2A239 /* CommitCellTest.swift */; };
		89750D3325DF8EFA00F2A239 /* CommitCellViewTest.swift in Sources */ = {isa = PBXBuildFile; fileRef = 89750D3225DF8EFA00F2A239 /* CommitCellViewTest.swift */; };
		89750D4625DF93FC00F2A239 /* UITestBase.swift in Sources */ = {isa = PBXBuildFile; fileRef = 89750D4525DF93FC00F2A239 /* UITestBase.swift */; };
		89750D4F25DF945800F2A239 /* HomeScreenElements.swift in Sources */ = {isa = PBXBuildFile; fileRef = 89750D4E25DF945800F2A239 /* HomeScreenElements.swift */; };
		89750D5725DF94C300F2A239 /* HomeScreenSteps.swift in Sources */ = {isa = PBXBuildFile; fileRef = 89750D5625DF94C300F2A239 /* HomeScreenSteps.swift */; };
		89750D5C25DF94F600F2A239 /* HomeScreenTests.swift in Sources */ = {isa = PBXBuildFile; fileRef = 89750D5B25DF94F600F2A239 /* HomeScreenTests.swift */; };
		97F5F5B6A5171C45EF30D384 /* Pods_GitCommitsTests.framework in Frameworks */ = {isa = PBXBuildFile; fileRef = F7D8DBA9C14B19F5FA294EC2 /* Pods_GitCommitsTests.framework */; };
		DC0B27FC4BE1220A50679554 /* Pods_GitCommits_GitCommitsUITests.framework in Frameworks */ = {isa = PBXBuildFile; fileRef = 1BA375E07E313A02EF2B536B /* Pods_GitCommits_GitCommitsUITests.framework */; };
/* End PBXBuildFile section */

/* Begin PBXContainerItemProxy section */
		89194B1D25DD8A8400E8E21B /* PBXContainerItemProxy */ = {
			isa = PBXContainerItemProxy;
			containerPortal = 89194AFE25DD8A8100E8E21B /* Project object */;
			proxyType = 1;
			remoteGlobalIDString = 89194B0525DD8A8100E8E21B;
			remoteInfo = GitCommits;
		};
		89194B2825DD8A8400E8E21B /* PBXContainerItemProxy */ = {
			isa = PBXContainerItemProxy;
			containerPortal = 89194AFE25DD8A8100E8E21B /* Project object */;
			proxyType = 1;
			remoteGlobalIDString = 89194B0525DD8A8100E8E21B;
			remoteInfo = GitCommits;
		};
/* End PBXContainerItemProxy section */

/* Begin PBXFileReference section */
		1BA375E07E313A02EF2B536B /* Pods_GitCommits_GitCommitsUITests.framework */ = {isa = PBXFileReference; explicitFileType = wrapper.framework; includeInIndex = 0; path = Pods_GitCommits_GitCommitsUITests.framework; sourceTree = BUILT_PRODUCTS_DIR; };
		1CDC99BB2077DBC7B38A51DB /* Pods-GitCommits-GitCommitsUITests.debug.xcconfig */ = {isa = PBXFileReference; includeInIndex = 1; lastKnownFileType = text.xcconfig; name = "Pods-GitCommits-GitCommitsUITests.debug.xcconfig"; path = "Target Support Files/Pods-GitCommits-GitCommitsUITests/Pods-GitCommits-GitCommitsUITests.debug.xcconfig"; sourceTree = "<group>"; };
		25220A4E3FAA02188B960BD4 /* Pods-GitCommitsTests.release.xcconfig */ = {isa = PBXFileReference; includeInIndex = 1; lastKnownFileType = text.xcconfig; name = "Pods-GitCommitsTests.release.xcconfig"; path = "Target Support Files/Pods-GitCommitsTests/Pods-GitCommitsTests.release.xcconfig"; sourceTree = "<group>"; };
		5956474468792103950B7E8D /* Pods-GitCommits-GitCommitsUITests.release.xcconfig */ = {isa = PBXFileReference; includeInIndex = 1; lastKnownFileType = text.xcconfig; name = "Pods-GitCommits-GitCommitsUITests.release.xcconfig"; path = "Target Support Files/Pods-GitCommits-GitCommitsUITests/Pods-GitCommits-GitCommitsUITests.release.xcconfig"; sourceTree = "<group>"; };
		89194B0625DD8A8100E8E21B /* GitCommits.app */ = {isa = PBXFileReference; explicitFileType = wrapper.application; includeInIndex = 0; path = GitCommits.app; sourceTree = BUILT_PRODUCTS_DIR; };
		89194B0925DD8A8100E8E21B /* AppDelegate.swift */ = {isa = PBXFileReference; lastKnownFileType = sourcecode.swift; path = AppDelegate.swift; sourceTree = "<group>"; };
		89194B0B25DD8A8100E8E21B /* SceneDelegate.swift */ = {isa = PBXFileReference; lastKnownFileType = sourcecode.swift; path = SceneDelegate.swift; sourceTree = "<group>"; };
		89194B0D25DD8A8100E8E21B /* HomeViewController.swift */ = {isa = PBXFileReference; lastKnownFileType = sourcecode.swift; path = HomeViewController.swift; sourceTree = "<group>"; };
		89194B1225DD8A8400E8E21B /* Assets.xcassets */ = {isa = PBXFileReference; lastKnownFileType = folder.assetcatalog; path = Assets.xcassets; sourceTree = "<group>"; };
		89194B1525DD8A8400E8E21B /* Base */ = {isa = PBXFileReference; lastKnownFileType = file.storyboard; name = Base; path = Base.lproj/LaunchScreen.storyboard; sourceTree = "<group>"; };
		89194B1725DD8A8400E8E21B /* Info.plist */ = {isa = PBXFileReference; lastKnownFileType = text.plist.xml; path = Info.plist; sourceTree = "<group>"; };
		89194B1C25DD8A8400E8E21B /* GitCommitsTests.xctest */ = {isa = PBXFileReference; explicitFileType = wrapper.cfbundle; includeInIndex = 0; path = GitCommitsTests.xctest; sourceTree = BUILT_PRODUCTS_DIR; };
		89194B2025DD8A8400E8E21B /* GitCommitsTests.swift */ = {isa = PBXFileReference; lastKnownFileType = sourcecode.swift; path = GitCommitsTests.swift; sourceTree = "<group>"; };
		89194B2225DD8A8400E8E21B /* Info.plist */ = {isa = PBXFileReference; lastKnownFileType = text.plist.xml; path = Info.plist; sourceTree = "<group>"; };
		89194B2725DD8A8400E8E21B /* GitCommitsUITests.xctest */ = {isa = PBXFileReference; explicitFileType = wrapper.cfbundle; includeInIndex = 0; path = GitCommitsUITests.xctest; sourceTree = BUILT_PRODUCTS_DIR; };
		89194B2D25DD8A8400E8E21B /* Info.plist */ = {isa = PBXFileReference; lastKnownFileType = text.plist.xml; path = Info.plist; sourceTree = "<group>"; };
		89194B5325DD915600E8E21B /* HTTPResponseHandler.swift */ = {isa = PBXFileReference; lastKnownFileType = sourcecode.swift; path = HTTPResponseHandler.swift; sourceTree = "<group>"; };
		89194B5925DD917300E8E21B /* HTTPRequest.swift */ = {isa = PBXFileReference; lastKnownFileType = sourcecode.swift; path = HTTPRequest.swift; sourceTree = "<group>"; };
		89194B5F25DD918D00E8E21B /* HTTPClient.swift */ = {isa = PBXFileReference; lastKnownFileType = sourcecode.swift; path = HTTPClient.swift; sourceTree = "<group>"; };
		89194B6525DD91A200E8E21B /* HTTPError.swift */ = {isa = PBXFileReference; lastKnownFileType = sourcecode.swift; path = HTTPError.swift; sourceTree = "<group>"; };
		89194B6B25DD91C400E8E21B /* SessionManager_Protocol.swift */ = {isa = PBXFileReference; lastKnownFileType = sourcecode.swift; path = SessionManager_Protocol.swift; sourceTree = "<group>"; };
		89194B7D25DD926C00E8E21B /* GitService.swift */ = {isa = PBXFileReference; lastKnownFileType = sourcecode.swift; path = GitService.swift; sourceTree = "<group>"; };
		89194B8325DD92D900E8E21B /* Commit.swift */ = {isa = PBXFileReference; lastKnownFileType = sourcecode.swift; path = Commit.swift; sourceTree = "<group>"; };
		89194B8925DD94AD00E8E21B /* ApiConstants.swift */ = {isa = PBXFileReference; lastKnownFileType = sourcecode.swift; path = ApiConstants.swift; sourceTree = "<group>"; };
		89194B8F25DD9FE000E8E21B /* HomeViewModel.swift */ = {isa = PBXFileReference; lastKnownFileType = sourcecode.swift; path = HomeViewModel.swift; sourceTree = "<group>"; };
		89194B9525DDA12900E8E21B /* AlertPresenter.swift */ = {isa = PBXFileReference; lastKnownFileType = sourcecode.swift; path = AlertPresenter.swift; sourceTree = "<group>"; };
		89194B9B25DDA51000E8E21B /* HomeView.swift */ = {isa = PBXFileReference; lastKnownFileType = sourcecode.swift; path = HomeView.swift; sourceTree = "<group>"; };
		89194BA225DDA58400E8E21B /* CommitCell.swift */ = {isa = PBXFileReference; lastKnownFileType = sourcecode.swift; path = CommitCell.swift; sourceTree = "<group>"; };
		89194BAC25DDA5CA00E8E21B /* CommitCellView.swift */ = {isa = PBXFileReference; lastKnownFileType = sourcecode.swift; path = CommitCellView.swift; sourceTree = "<group>"; };
		89194BBE25DDAC9A00E8E21B /* Fonts.swift */ = {isa = PBXFileReference; lastKnownFileType = sourcecode.swift; path = Fonts.swift; sourceTree = "<group>"; };
		89194BC425DE179E00E8E21B /* Layout.swift */ = {isa = PBXFileReference; lastKnownFileType = sourcecode.swift; path = Layout.swift; sourceTree = "<group>"; };
		89194BCF25DEDB2800E8E21B /* HTTPClientTests.swift */ = {isa = PBXFileReference; lastKnownFileType = sourcecode.swift; path = HTTPClientTests.swift; sourceTree = "<group>"; };
		89194BD825DEDC4B00E8E21B /* FakeSessionManager.swift */ = {isa = PBXFileReference; lastKnownFileType = sourcecode.swift; path = FakeSessionManager.swift; sourceTree = "<group>"; };
		89194BE725DEDC7600E8E21B /* FakeHTTPResponseHandler.swift */ = {isa = PBXFileReference; lastKnownFileType = sourcecode.swift; path = FakeHTTPResponseHandler.swift; sourceTree = "<group>"; };
		89194BF125DEDD7600E8E21B /* http-client-test-body.json */ = {isa = PBXFileReference; fileEncoding = 4; lastKnownFileType = text.json; path = "http-client-test-body.json"; sourceTree = "<group>"; };
		89194BFA25DEDD8C00E8E21B /* Resources.swift */ = {isa = PBXFileReference; lastKnownFileType = sourcecode.swift; path = Resources.swift; sourceTree = "<group>"; };
		89194BFF25DEDDED00E8E21B /* HTTPRequestTests.swift */ = {isa = PBXFileReference; lastKnownFileType = sourcecode.swift; path = HTTPRequestTests.swift; sourceTree = "<group>"; };
		89194C0425DEDE0B00E8E21B /* HTTPResponseHandlerTests.swift */ = {isa = PBXFileReference; lastKnownFileType = sourcecode.swift; path = HTTPResponseHandlerTests.swift; sourceTree = "<group>"; };
		89194C0925DEDE6600E8E21B /* Result+Testing.swift */ = {isa = PBXFileReference; lastKnownFileType = sourcecode.swift; path = "Result+Testing.swift"; sourceTree = "<group>"; };
		89194C1125DEDEE700E8E21B /* FakeHTTPClient.swift */ = {isa = PBXFileReference; lastKnownFileType = sourcecode.swift; path = FakeHTTPClient.swift; sourceTree = "<group>"; };
		89194C1625DEDF0200E8E21B /* FakeAlertPresenter.swift */ = {isa = PBXFileReference; lastKnownFileType = sourcecode.swift; path = FakeAlertPresenter.swift; sourceTree = "<group>"; };
		89194C1B25DEDF5400E8E21B /* FakeGitService.swift */ = {isa = PBXFileReference; lastKnownFileType = sourcecode.swift; path = FakeGitService.swift; sourceTree = "<group>"; };
		89194C2025DEE3B800E8E21B /* FakeHomeViewModelDelegate.swift */ = {isa = PBXFileReference; lastKnownFileType = sourcecode.swift; path = FakeHomeViewModelDelegate.swift; sourceTree = "<group>"; };
		89194C2525DEE3E000E8E21B /* FakeCommitCellView.swift */ = {isa = PBXFileReference; lastKnownFileType = sourcecode.swift; path = FakeCommitCellView.swift; sourceTree = "<group>"; };
		89194C3025DEE65000E8E21B /* XCTestCase_FatalError.swift */ = {isa = PBXFileReference; lastKnownFileType = sourcecode.swift; path = XCTestCase_FatalError.swift; sourceTree = "<group>"; };
		89194C3B25DEE69900E8E21B /* FatalErrorUtil.swift */ = {isa = PBXFileReference; lastKnownFileType = sourcecode.swift; path = FatalErrorUtil.swift; sourceTree = "<group>"; };
		89194C4525DEE71600E8E21B /* CommitTest.swift */ = {isa = PBXFileReference; lastKnownFileType = sourcecode.swift; path = CommitTest.swift; sourceTree = "<group>"; };
		89194C4D25DEE79600E8E21B /* commit-valid.json */ = {isa = PBXFileReference; fileEncoding = 4; lastKnownFileType = text.json; path = "commit-valid.json"; sourceTree = "<group>"; };
		89194C4E25DEE79600E8E21B /* commit-missing-key.json */ = {isa = PBXFileReference; fileEncoding = 4; lastKnownFileType = text.json; path = "commit-missing-key.json"; sourceTree = "<group>"; };
		89194C5B25DEE9E800E8E21B /* AlertPresenterTests.swift */ = {isa = PBXFileReference; lastKnownFileType = sourcecode.swift; path = AlertPresenterTests.swift; sourceTree = "<group>"; };
		89194C6325DEEA1100E8E21B /* PartiallyFakeViewController.swift */ = {isa = PBXFileReference; lastKnownFileType = sourcecode.swift; path = PartiallyFakeViewController.swift; sourceTree = "<group>"; };
		89194C6925DEEAC000E8E21B /* CommitServiceTest.swift */ = {isa = PBXFileReference; lastKnownFileType = sourcecode.swift; path = CommitServiceTest.swift; sourceTree = "<group>"; };
		89194C7125DEEC9A00E8E21B /* commit-invalid-response.json */ = {isa = PBXFileReference; fileEncoding = 4; lastKnownFileType = text.json; path = "commit-invalid-response.json"; sourceTree = "<group>"; };
		89194C7225DEEC9A00E8E21B /* commit-valid-response.json */ = {isa = PBXFileReference; fileEncoding = 4; lastKnownFileType = text.json; path = "commit-valid-response.json"; sourceTree = "<group>"; };
		89194C8925DEEF1C00E8E21B /* HomeViewModelTest.swift */ = {isa = PBXFileReference; lastKnownFileType = sourcecode.swift; path = HomeViewModelTest.swift; sourceTree = "<group>"; };
		89194C8E25DEF07900E8E21B /* CustomViewTests.swift */ = {isa = PBXFileReference; lastKnownFileType = sourcecode.swift; path = CustomViewTests.swift; sourceTree = "<group>"; };
		89194C9325DEF09E00E8E21B /* HomeViewtest.swift */ = {isa = PBXFileReference; lastKnownFileType = sourcecode.swift; path = HomeViewtest.swift; sourceTree = "<group>"; };
		89194C9825DF277B00E8E21B /* HomeViewControllerTest.swift */ = {isa = PBXFileReference; lastKnownFileType = sourcecode.swift; path = HomeViewControllerTest.swift; sourceTree = "<group>"; };
		89750CDA25DF880400F2A239 /* FakeHomeViewModel.swift */ = {isa = PBXFileReference; lastKnownFileType = sourcecode.swift; path = FakeHomeViewModel.swift; sourceTree = "<group>"; };
		89750D2D25DF8EEB00F2A239 /* CommitCellTest.swift */ = {isa = PBXFileReference; lastKnownFileType = sourcecode.swift; path = CommitCellTest.swift; sourceTree = "<group>"; };
		89750D3225DF8EFA00F2A239 /* CommitCellViewTest.swift */ = {isa = PBXFileReference; lastKnownFileType = sourcecode.swift; path = CommitCellViewTest.swift; sourceTree = "<group>"; };
		89750D4525DF93FC00F2A239 /* UITestBase.swift */ = {isa = PBXFileReference; lastKnownFileType = sourcecode.swift; path = UITestBase.swift; sourceTree = "<group>"; };
		89750D4E25DF945800F2A239 /* HomeScreenElements.swift */ = {isa = PBXFileReference; lastKnownFileType = sourcecode.swift; path = HomeScreenElements.swift; sourceTree = "<group>"; };
		89750D5625DF94C300F2A239 /* HomeScreenSteps.swift */ = {isa = PBXFileReference; lastKnownFileType = sourcecode.swift; path = HomeScreenSteps.swift; sourceTree = "<group>"; };
		89750D5B25DF94F600F2A239 /* HomeScreenTests.swift */ = {isa = PBXFileReference; lastKnownFileType = sourcecode.swift; path = HomeScreenTests.swift; sourceTree = "<group>"; };
		9981E4C8737A16EA1C093D02 /* Pods_GitCommits.framework */ = {isa = PBXFileReference; explicitFileType = wrapper.framework; includeInIndex = 0; path = Pods_GitCommits.framework; sourceTree = BUILT_PRODUCTS_DIR; };
		A0CE3B83D8E2E04AB04A754E /* Pods-GitCommits.debug.xcconfig */ = {isa = PBXFileReference; includeInIndex = 1; lastKnownFileType = text.xcconfig; name = "Pods-GitCommits.debug.xcconfig"; path = "Target Support Files/Pods-GitCommits/Pods-GitCommits.debug.xcconfig"; sourceTree = "<group>"; };
		B7D2E7E54A83F1CB2CF24E33 /* Pods-GitCommitsTests.debug.xcconfig */ = {isa = PBXFileReference; includeInIndex = 1; lastKnownFileType = text.xcconfig; name = "Pods-GitCommitsTests.debug.xcconfig"; path = "Target Support Files/Pods-GitCommitsTests/Pods-GitCommitsTests.debug.xcconfig"; sourceTree = "<group>"; };
		C6D9F473A4750F04BE63EB73 /* Pods-GitCommits.release.xcconfig */ = {isa = PBXFileReference; includeInIndex = 1; lastKnownFileType = text.xcconfig; name = "Pods-GitCommits.release.xcconfig"; path = "Target Support Files/Pods-GitCommits/Pods-GitCommits.release.xcconfig"; sourceTree = "<group>"; };
		F7D8DBA9C14B19F5FA294EC2 /* Pods_GitCommitsTests.framework */ = {isa = PBXFileReference; explicitFileType = wrapper.framework; includeInIndex = 0; path = Pods_GitCommitsTests.framework; sourceTree = BUILT_PRODUCTS_DIR; };
/* End PBXFileReference section */

/* Begin PBXFrameworksBuildPhase section */
		89194B0325DD8A8100E8E21B /* Frameworks */ = {
			isa = PBXFrameworksBuildPhase;
			buildActionMask = 2147483647;
			files = (
				1B176E2747BA9C95AC4B983F /* Pods_GitCommits.framework in Frameworks */,
			);
			runOnlyForDeploymentPostprocessing = 0;
		};
		89194B1925DD8A8400E8E21B /* Frameworks */ = {
			isa = PBXFrameworksBuildPhase;
			buildActionMask = 2147483647;
			files = (
				97F5F5B6A5171C45EF30D384 /* Pods_GitCommitsTests.framework in Frameworks */,
			);
			runOnlyForDeploymentPostprocessing = 0;
		};
		89194B2425DD8A8400E8E21B /* Frameworks */ = {
			isa = PBXFrameworksBuildPhase;
			buildActionMask = 2147483647;
			files = (
				DC0B27FC4BE1220A50679554 /* Pods_GitCommits_GitCommitsUITests.framework in Frameworks */,
			);
			runOnlyForDeploymentPostprocessing = 0;
		};
/* End PBXFrameworksBuildPhase section */

/* Begin PBXGroup section */
		6A7C1BE104F6DF9888B92D44 /* Frameworks */ = {
			isa = PBXGroup;
			children = (
				9981E4C8737A16EA1C093D02 /* Pods_GitCommits.framework */,
				1BA375E07E313A02EF2B536B /* Pods_GitCommits_GitCommitsUITests.framework */,
				F7D8DBA9C14B19F5FA294EC2 /* Pods_GitCommitsTests.framework */,
			);
			name = Frameworks;
			sourceTree = "<group>";
		};
		7CADBD1391ABC52DD6E6A94F /* Pods */ = {
			isa = PBXGroup;
			children = (
				A0CE3B83D8E2E04AB04A754E /* Pods-GitCommits.debug.xcconfig */,
				C6D9F473A4750F04BE63EB73 /* Pods-GitCommits.release.xcconfig */,
				1CDC99BB2077DBC7B38A51DB /* Pods-GitCommits-GitCommitsUITests.debug.xcconfig */,
				5956474468792103950B7E8D /* Pods-GitCommits-GitCommitsUITests.release.xcconfig */,
				B7D2E7E54A83F1CB2CF24E33 /* Pods-GitCommitsTests.debug.xcconfig */,
				25220A4E3FAA02188B960BD4 /* Pods-GitCommitsTests.release.xcconfig */,
			);
			path = Pods;
			sourceTree = "<group>";
		};
		89194AFD25DD8A8100E8E21B = {
			isa = PBXGroup;
			children = (
				89194B0825DD8A8100E8E21B /* GitCommits */,
				89194B1F25DD8A8400E8E21B /* GitCommitsTests */,
				89194B2A25DD8A8400E8E21B /* GitCommitsUITests */,
				89194B0725DD8A8100E8E21B /* Products */,
				7CADBD1391ABC52DD6E6A94F /* Pods */,
				6A7C1BE104F6DF9888B92D44 /* Frameworks */,
			);
			sourceTree = "<group>";
		};
		89194B0725DD8A8100E8E21B /* Products */ = {
			isa = PBXGroup;
			children = (
				89194B0625DD8A8100E8E21B /* GitCommits.app */,
				89194B1C25DD8A8400E8E21B /* GitCommitsTests.xctest */,
				89194B2725DD8A8400E8E21B /* GitCommitsUITests.xctest */,
			);
			name = Products;
			sourceTree = "<group>";
		};
		89194B0825DD8A8100E8E21B /* GitCommits */ = {
			isa = PBXGroup;
			children = (
				89194B4025DD8DA800E8E21B /* Models */,
				89194B3F25DD8D9B00E8E21B /* Views */,
				89194B4125DD8DEC00E8E21B /* ViewModels */,
				89194B4325DD8E2200E8E21B /* Services */,
				89194B4225DD8E1A00E8E21B /* HTTP */,
				89194B4425DD8E2800E8E21B /* Helpers */,
				89194B4525DD8E2E00E8E21B /* Assets */,
				89194B0925DD8A8100E8E21B /* AppDelegate.swift */,
				89194B0B25DD8A8100E8E21B /* SceneDelegate.swift */,
				89194B1725DD8A8400E8E21B /* Info.plist */,
			);
			path = GitCommits;
			sourceTree = "<group>";
		};
		89194B1F25DD8A8400E8E21B /* GitCommitsTests */ = {
			isa = PBXGroup;
			children = (
				89194C2F25DEE63A00E8E21B /* Base */,
				89194BCD25DEDA9500E8E21B /* Test Fakes */,
				89194BF025DEDCB600E8E21B /* Resources */,
				89194C4425DEE6E000E8E21B /* Models */,
				89194C5725DEE99100E8E21B /* Views */,
				89194C5825DEE9A000E8E21B /* ViewModels */,
				89194C5925DEE9A600E8E21B /* Services */,
				89194BCE25DEDB1300E8E21B /* HTTP */,
				89194C5A25DEE9BA00E8E21B /* Helpers */,
				89194B2025DD8A8400E8E21B /* GitCommitsTests.swift */,
				89194B2225DD8A8400E8E21B /* Info.plist */,
			);
			path = GitCommitsTests;
			sourceTree = "<group>";
		};
		89194B2A25DD8A8400E8E21B /* GitCommitsUITests */ = {
			isa = PBXGroup;
			children = (
				89750D4325DF93DF00F2A239 /* Base */,
				89750D4D25DF942100F2A239 /* HomeViewCases */,
				89194B2D25DD8A8400E8E21B /* Info.plist */,
			);
			path = GitCommitsUITests;
			sourceTree = "<group>";
		};
		89194B3F25DD8D9B00E8E21B /* Views */ = {
			isa = PBXGroup;
			children = (
				89194BA125DDA54500E8E21B /* HomeView */,
				89194B1425DD8A8400E8E21B /* LaunchScreen.storyboard */,
			);
			path = Views;
			sourceTree = "<group>";
		};
		89194B4025DD8DA800E8E21B /* Models */ = {
			isa = PBXGroup;
			children = (
				89194B8325DD92D900E8E21B /* Commit.swift */,
			);
			path = Models;
			sourceTree = "<group>";
		};
		89194B4125DD8DEC00E8E21B /* ViewModels */ = {
			isa = PBXGroup;
			children = (
				89194B8F25DD9FE000E8E21B /* HomeViewModel.swift */,
			);
			path = ViewModels;
			sourceTree = "<group>";
		};
		89194B4225DD8E1A00E8E21B /* HTTP */ = {
			isa = PBXGroup;
			children = (
				89194B5325DD915600E8E21B /* HTTPResponseHandler.swift */,
				89194B5925DD917300E8E21B /* HTTPRequest.swift */,
				89194B5F25DD918D00E8E21B /* HTTPClient.swift */,
				89194B6525DD91A200E8E21B /* HTTPError.swift */,
				89194B6B25DD91C400E8E21B /* SessionManager_Protocol.swift */,
			);
			path = HTTP;
			sourceTree = "<group>";
		};
		89194B4325DD8E2200E8E21B /* Services */ = {
			isa = PBXGroup;
			children = (
				89194B7D25DD926C00E8E21B /* GitService.swift */,
				89194B8925DD94AD00E8E21B /* ApiConstants.swift */,
			);
			path = Services;
			sourceTree = "<group>";
		};
		89194B4425DD8E2800E8E21B /* Helpers */ = {
			isa = PBXGroup;
			children = (
				89194B9525DDA12900E8E21B /* AlertPresenter.swift */,
				89194BBE25DDAC9A00E8E21B /* Fonts.swift */,
				89194BC425DE179E00E8E21B /* Layout.swift */,
				89194C3B25DEE69900E8E21B /* FatalErrorUtil.swift */,
			);
			path = Helpers;
			sourceTree = "<group>";
		};
		89194B4525DD8E2E00E8E21B /* Assets */ = {
			isa = PBXGroup;
			children = (
				89194B1225DD8A8400E8E21B /* Assets.xcassets */,
			);
			path = Assets;
			sourceTree = "<group>";
		};
		89194BA125DDA54500E8E21B /* HomeView */ = {
			isa = PBXGroup;
			children = (
				89194B0D25DD8A8100E8E21B /* HomeViewController.swift */,
				89194B9B25DDA51000E8E21B /* HomeView.swift */,
				89194BAB25DDA5AA00E8E21B /* CommitCell */,
			);
			path = HomeView;
			sourceTree = "<group>";
		};
		89194BAB25DDA5AA00E8E21B /* CommitCell */ = {
			isa = PBXGroup;
			children = (
				89194BA225DDA58400E8E21B /* CommitCell.swift */,
				89194BAC25DDA5CA00E8E21B /* CommitCellView.swift */,
			);
			path = CommitCell;
			sourceTree = "<group>";
		};
		89194BCD25DEDA9500E8E21B /* Test Fakes */ = {
			isa = PBXGroup;
			children = (
				89194BD825DEDC4B00E8E21B /* FakeSessionManager.swift */,
				89194BE725DEDC7600E8E21B /* FakeHTTPResponseHandler.swift */,
				89194C0925DEDE6600E8E21B /* Result+Testing.swift */,
				89194C1125DEDEE700E8E21B /* FakeHTTPClient.swift */,
				89194C1625DEDF0200E8E21B /* FakeAlertPresenter.swift */,
				89194C1B25DEDF5400E8E21B /* FakeGitService.swift */,
				89194C2025DEE3B800E8E21B /* FakeHomeViewModelDelegate.swift */,
				89194C2525DEE3E000E8E21B /* FakeCommitCellView.swift */,
				89194C6325DEEA1100E8E21B /* PartiallyFakeViewController.swift */,
				89750CDA25DF880400F2A239 /* FakeHomeViewModel.swift */,
			);
			path = "Test Fakes";
			sourceTree = "<group>";
		};
		89194BCE25DEDB1300E8E21B /* HTTP */ = {
			isa = PBXGroup;
			children = (
				89194BCF25DEDB2800E8E21B /* HTTPClientTests.swift */,
				89194BFF25DEDDED00E8E21B /* HTTPRequestTests.swift */,
				89194C0425DEDE0B00E8E21B /* HTTPResponseHandlerTests.swift */,
			);
			path = HTTP;
			sourceTree = "<group>";
		};
		89194BF025DEDCB600E8E21B /* Resources */ = {
			isa = PBXGroup;
			children = (
				89194C7B25DEECA200E8E21B /* Commit */,
				89194C7C25DEECA900E8E21B /* CommitResponse */,
				89194BF125DEDD7600E8E21B /* http-client-test-body.json */,
				89194BFA25DEDD8C00E8E21B /* Resources.swift */,
			);
			path = Resources;
			sourceTree = "<group>";
		};
		89194C2F25DEE63A00E8E21B /* Base */ = {
			isa = PBXGroup;
			children = (
				89194C3025DEE65000E8E21B /* XCTestCase_FatalError.swift */,
				89194C8E25DEF07900E8E21B /* CustomViewTests.swift */,
			);
			path = Base;
			sourceTree = "<group>";
		};
		89194C4425DEE6E000E8E21B /* Models */ = {
			isa = PBXGroup;
			children = (
				89194C4525DEE71600E8E21B /* CommitTest.swift */,
			);
			path = Models;
			sourceTree = "<group>";
		};
		89194C5725DEE99100E8E21B /* Views */ = {
			isa = PBXGroup;
			children = (
				89194C6825DEEA8100E8E21B /* HomeScreen */,
			);
			path = Views;
			sourceTree = "<group>";
		};
		89194C5825DEE9A000E8E21B /* ViewModels */ = {
			isa = PBXGroup;
			children = (
				89194C8925DEEF1C00E8E21B /* HomeViewModelTest.swift */,
			);
			path = ViewModels;
			sourceTree = "<group>";
		};
		89194C5925DEE9A600E8E21B /* Services */ = {
			isa = PBXGroup;
			children = (
				89194C6925DEEAC000E8E21B /* CommitServiceTest.swift */,
			);
			path = Services;
			sourceTree = "<group>";
		};
		89194C5A25DEE9BA00E8E21B /* Helpers */ = {
			isa = PBXGroup;
			children = (
				89194C5B25DEE9E800E8E21B /* AlertPresenterTests.swift */,
			);
			path = Helpers;
			sourceTree = "<group>";
		};
		89194C6825DEEA8100E8E21B /* HomeScreen */ = {
			isa = PBXGroup;
			children = (
				89194C9825DF277B00E8E21B /* HomeViewControllerTest.swift */,
				89194C9325DEF09E00E8E21B /* HomeViewtest.swift */,
				89194C9D25DF278400E8E21B /* CommitCell */,
			);
			path = HomeScreen;
			sourceTree = "<group>";
		};
		89194C7B25DEECA200E8E21B /* Commit */ = {
			isa = PBXGroup;
			children = (
				89194C4E25DEE79600E8E21B /* commit-missing-key.json */,
				89194C4D25DEE79600E8E21B /* commit-valid.json */,
			);
			path = Commit;
			sourceTree = "<group>";
		};
		89194C7C25DEECA900E8E21B /* CommitResponse */ = {
			isa = PBXGroup;
			children = (
				89194C7125DEEC9A00E8E21B /* commit-invalid-response.json */,
				89194C7225DEEC9A00E8E21B /* commit-valid-response.json */,
			);
			path = CommitResponse;
			sourceTree = "<group>";
		};
		89194C9D25DF278400E8E21B /* CommitCell */ = {
			isa = PBXGroup;
			children = (
				89750D2D25DF8EEB00F2A239 /* CommitCellTest.swift */,
				89750D3225DF8EFA00F2A239 /* CommitCellViewTest.swift */,
			);
			path = CommitCell;
			sourceTree = "<group>";
		};
		89750D4325DF93DF00F2A239 /* Base */ = {
			isa = PBXGroup;
			children = (
				89750D4525DF93FC00F2A239 /* UITestBase.swift */,
			);
			path = Base;
			sourceTree = "<group>";
		};
		89750D4D25DF942100F2A239 /* HomeViewCases */ = {
			isa = PBXGroup;
			children = (
				89750D5B25DF94F600F2A239 /* HomeScreenTests.swift */,
				89750D5625DF94C300F2A239 /* HomeScreenSteps.swift */,
				89750D4E25DF945800F2A239 /* HomeScreenElements.swift */,
			);
			path = HomeViewCases;
			sourceTree = "<group>";
		};
/* End PBXGroup section */

/* Begin PBXNativeTarget section */
		89194B0525DD8A8100E8E21B /* GitCommits */ = {
			isa = PBXNativeTarget;
			buildConfigurationList = 89194B3025DD8A8500E8E21B /* Build configuration list for PBXNativeTarget "GitCommits" */;
			buildPhases = (
				92F62A8A0821FFD3E4D39987 /* [CP] Check Pods Manifest.lock */,
				89194B0225DD8A8100E8E21B /* Sources */,
				89194B0325DD8A8100E8E21B /* Frameworks */,
				89194B0425DD8A8100E8E21B /* Resources */,
				019EAA715A6F8BAF92824A37 /* [CP] Embed Pods Frameworks */,
			);
			buildRules = (
			);
			dependencies = (
			);
			name = GitCommits;
			productName = GitCommits;
			productReference = 89194B0625DD8A8100E8E21B /* GitCommits.app */;
			productType = "com.apple.product-type.application";
		};
		89194B1B25DD8A8400E8E21B /* GitCommitsTests */ = {
			isa = PBXNativeTarget;
			buildConfigurationList = 89194B3325DD8A8500E8E21B /* Build configuration list for PBXNativeTarget "GitCommitsTests" */;
			buildPhases = (
				27FDC36630C1B7DDBBCE89C8 /* [CP] Check Pods Manifest.lock */,
				89194B1825DD8A8400E8E21B /* Sources */,
				89194B1925DD8A8400E8E21B /* Frameworks */,
				89194B1A25DD8A8400E8E21B /* Resources */,
			);
			buildRules = (
			);
			dependencies = (
				89194B1E25DD8A8400E8E21B /* PBXTargetDependency */,
			);
			name = GitCommitsTests;
			productName = GitCommitsTests;
			productReference = 89194B1C25DD8A8400E8E21B /* GitCommitsTests.xctest */;
			productType = "com.apple.product-type.bundle.unit-test";
		};
		89194B2625DD8A8400E8E21B /* GitCommitsUITests */ = {
			isa = PBXNativeTarget;
			buildConfigurationList = 89194B3625DD8A8500E8E21B /* Build configuration list for PBXNativeTarget "GitCommitsUITests" */;
			buildPhases = (
				F39B4F47834A0ACD7D084C37 /* [CP] Check Pods Manifest.lock */,
				89194B2325DD8A8400E8E21B /* Sources */,
				89194B2425DD8A8400E8E21B /* Frameworks */,
				89194B2525DD8A8400E8E21B /* Resources */,
				3375ABFE8A40B1792BE925E5 /* [CP] Embed Pods Frameworks */,
			);
			buildRules = (
			);
			dependencies = (
				89194B2925DD8A8400E8E21B /* PBXTargetDependency */,
			);
			name = GitCommitsUITests;
			productName = GitCommitsUITests;
			productReference = 89194B2725DD8A8400E8E21B /* GitCommitsUITests.xctest */;
			productType = "com.apple.product-type.bundle.ui-testing";
		};
/* End PBXNativeTarget section */

/* Begin PBXProject section */
		89194AFE25DD8A8100E8E21B /* Project object */ = {
			isa = PBXProject;
			attributes = {
				LastSwiftUpdateCheck = 1240;
				LastUpgradeCheck = 1240;
				TargetAttributes = {
					89194B0525DD8A8100E8E21B = {
						CreatedOnToolsVersion = 12.4;
					};
					89194B1B25DD8A8400E8E21B = {
						CreatedOnToolsVersion = 12.4;
						TestTargetID = 89194B0525DD8A8100E8E21B;
					};
					89194B2625DD8A8400E8E21B = {
						CreatedOnToolsVersion = 12.4;
						TestTargetID = 89194B0525DD8A8100E8E21B;
					};
				};
			};
			buildConfigurationList = 89194B0125DD8A8100E8E21B /* Build configuration list for PBXProject "GitCommits" */;
			compatibilityVersion = "Xcode 9.3";
			developmentRegion = en;
			hasScannedForEncodings = 0;
			knownRegions = (
				en,
				Base,
			);
			mainGroup = 89194AFD25DD8A8100E8E21B;
			productRefGroup = 89194B0725DD8A8100E8E21B /* Products */;
			projectDirPath = "";
			projectRoot = "";
			targets = (
				89194B0525DD8A8100E8E21B /* GitCommits */,
				89194B1B25DD8A8400E8E21B /* GitCommitsTests */,
				89194B2625DD8A8400E8E21B /* GitCommitsUITests */,
			);
		};
/* End PBXProject section */

/* Begin PBXResourcesBuildPhase section */
		89194B0425DD8A8100E8E21B /* Resources */ = {
			isa = PBXResourcesBuildPhase;
			buildActionMask = 2147483647;
			files = (
				89194BF225DEDD7600E8E21B /* http-client-test-body.json in Resources */,
				89194B1625DD8A8400E8E21B /* LaunchScreen.storyboard in Resources */,
				89194B1325DD8A8400E8E21B /* Assets.xcassets in Resources */,
			);
			runOnlyForDeploymentPostprocessing = 0;
		};
		89194B1A25DD8A8400E8E21B /* Resources */ = {
			isa = PBXResourcesBuildPhase;
			buildActionMask = 2147483647;
			files = (
				89194C5025DEE79600E8E21B /* commit-missing-key.json in Resources */,
				89194C7325DEEC9A00E8E21B /* commit-invalid-response.json in Resources */,
				89194BF325DEDD7600E8E21B /* http-client-test-body.json in Resources */,
				89194C4F25DEE79600E8E21B /* commit-valid.json in Resources */,
				89194C7425DEEC9A00E8E21B /* commit-valid-response.json in Resources */,
			);
			runOnlyForDeploymentPostprocessing = 0;
		};
		89194B2525DD8A8400E8E21B /* Resources */ = {
			isa = PBXResourcesBuildPhase;
			buildActionMask = 2147483647;
			files = (
			);
			runOnlyForDeploymentPostprocessing = 0;
		};
/* End PBXResourcesBuildPhase section */

/* Begin PBXShellScriptBuildPhase section */
		019EAA715A6F8BAF92824A37 /* [CP] Embed Pods Frameworks */ = {
			isa = PBXShellScriptBuildPhase;
			buildActionMask = 2147483647;
			files = (
			);
			inputFileListPaths = (
				"${PODS_ROOT}/Target Support Files/Pods-GitCommits/Pods-GitCommits-frameworks-${CONFIGURATION}-input-files.xcfilelist",
			);
			name = "[CP] Embed Pods Frameworks";
			outputFileListPaths = (
				"${PODS_ROOT}/Target Support Files/Pods-GitCommits/Pods-GitCommits-frameworks-${CONFIGURATION}-output-files.xcfilelist",
			);
			runOnlyForDeploymentPostprocessing = 0;
			shellPath = /bin/sh;
			shellScript = "\"${PODS_ROOT}/Target Support Files/Pods-GitCommits/Pods-GitCommits-frameworks.sh\"\n";
			showEnvVarsInLog = 0;
		};
		27FDC36630C1B7DDBBCE89C8 /* [CP] Check Pods Manifest.lock */ = {
			isa = PBXShellScriptBuildPhase;
			buildActionMask = 2147483647;
			files = (
			);
			inputFileListPaths = (
			);
			inputPaths = (
				"${PODS_PODFILE_DIR_PATH}/Podfile.lock",
				"${PODS_ROOT}/Manifest.lock",
			);
			name = "[CP] Check Pods Manifest.lock";
			outputFileListPaths = (
			);
			outputPaths = (
				"$(DERIVED_FILE_DIR)/Pods-GitCommitsTests-checkManifestLockResult.txt",
			);
			runOnlyForDeploymentPostprocessing = 0;
			shellPath = /bin/sh;
			shellScript = "diff \"${PODS_PODFILE_DIR_PATH}/Podfile.lock\" \"${PODS_ROOT}/Manifest.lock\" > /dev/null\nif [ $? != 0 ] ; then\n    # print error to STDERR\n    echo \"error: The sandbox is not in sync with the Podfile.lock. Run 'pod install' or update your CocoaPods installation.\" >&2\n    exit 1\nfi\n# This output is used by Xcode 'outputs' to avoid re-running this script phase.\necho \"SUCCESS\" > \"${SCRIPT_OUTPUT_FILE_0}\"\n";
			showEnvVarsInLog = 0;
		};
		3375ABFE8A40B1792BE925E5 /* [CP] Embed Pods Frameworks */ = {
			isa = PBXShellScriptBuildPhase;
			buildActionMask = 2147483647;
			files = (
			);
			inputFileListPaths = (
				"${PODS_ROOT}/Target Support Files/Pods-GitCommits-GitCommitsUITests/Pods-GitCommits-GitCommitsUITests-frameworks-${CONFIGURATION}-input-files.xcfilelist",
			);
			name = "[CP] Embed Pods Frameworks";
			outputFileListPaths = (
				"${PODS_ROOT}/Target Support Files/Pods-GitCommits-GitCommitsUITests/Pods-GitCommits-GitCommitsUITests-frameworks-${CONFIGURATION}-output-files.xcfilelist",
			);
			runOnlyForDeploymentPostprocessing = 0;
			shellPath = /bin/sh;
			shellScript = "\"${PODS_ROOT}/Target Support Files/Pods-GitCommits-GitCommitsUITests/Pods-GitCommits-GitCommitsUITests-frameworks.sh\"\n";
			showEnvVarsInLog = 0;
		};
		92F62A8A0821FFD3E4D39987 /* [CP] Check Pods Manifest.lock */ = {
			isa = PBXShellScriptBuildPhase;
			buildActionMask = 2147483647;
			files = (
			);
			inputFileListPaths = (
			);
			inputPaths = (
				"${PODS_PODFILE_DIR_PATH}/Podfile.lock",
				"${PODS_ROOT}/Manifest.lock",
			);
			name = "[CP] Check Pods Manifest.lock";
			outputFileListPaths = (
			);
			outputPaths = (
				"$(DERIVED_FILE_DIR)/Pods-GitCommits-checkManifestLockResult.txt",
			);
			runOnlyForDeploymentPostprocessing = 0;
			shellPath = /bin/sh;
			shellScript = "diff \"${PODS_PODFILE_DIR_PATH}/Podfile.lock\" \"${PODS_ROOT}/Manifest.lock\" > /dev/null\nif [ $? != 0 ] ; then\n    # print error to STDERR\n    echo \"error: The sandbox is not in sync with the Podfile.lock. Run 'pod install' or update your CocoaPods installation.\" >&2\n    exit 1\nfi\n# This output is used by Xcode 'outputs' to avoid re-running this script phase.\necho \"SUCCESS\" > \"${SCRIPT_OUTPUT_FILE_0}\"\n";
			showEnvVarsInLog = 0;
		};
		F39B4F47834A0ACD7D084C37 /* [CP] Check Pods Manifest.lock */ = {
			isa = PBXShellScriptBuildPhase;
			buildActionMask = 2147483647;
			files = (
			);
			inputFileListPaths = (
			);
			inputPaths = (
				"${PODS_PODFILE_DIR_PATH}/Podfile.lock",
				"${PODS_ROOT}/Manifest.lock",
			);
			name = "[CP] Check Pods Manifest.lock";
			outputFileListPaths = (
			);
			outputPaths = (
				"$(DERIVED_FILE_DIR)/Pods-GitCommits-GitCommitsUITests-checkManifestLockResult.txt",
			);
			runOnlyForDeploymentPostprocessing = 0;
			shellPath = /bin/sh;
			shellScript = "diff \"${PODS_PODFILE_DIR_PATH}/Podfile.lock\" \"${PODS_ROOT}/Manifest.lock\" > /dev/null\nif [ $? != 0 ] ; then\n    # print error to STDERR\n    echo \"error: The sandbox is not in sync with the Podfile.lock. Run 'pod install' or update your CocoaPods installation.\" >&2\n    exit 1\nfi\n# This output is used by Xcode 'outputs' to avoid re-running this script phase.\necho \"SUCCESS\" > \"${SCRIPT_OUTPUT_FILE_0}\"\n";
			showEnvVarsInLog = 0;
		};
/* End PBXShellScriptBuildPhase section */

/* Begin PBXSourcesBuildPhase section */
		89194B0225DD8A8100E8E21B /* Sources */ = {
			isa = PBXSourcesBuildPhase;
			buildActionMask = 2147483647;
			files = (
				89194B9C25DDA51000E8E21B /* HomeView.swift in Sources */,
				89194B8425DD92D900E8E21B /* Commit.swift in Sources */,
				89194C3C25DEE69900E8E21B /* FatalErrorUtil.swift in Sources */,
				89194BAD25DDA5CA00E8E21B /* CommitCellView.swift in Sources */,
				89194B6C25DD91C400E8E21B /* SessionManager_Protocol.swift in Sources */,
				89194BC525DE179E00E8E21B /* Layout.swift in Sources */,
				89194B0E25DD8A8100E8E21B /* HomeViewController.swift in Sources */,
				89194B0A25DD8A8100E8E21B /* AppDelegate.swift in Sources */,
				89194BBF25DDAC9A00E8E21B /* Fonts.swift in Sources */,
				89194B6625DD91A200E8E21B /* HTTPError.swift in Sources */,
				89194B9625DDA12900E8E21B /* AlertPresenter.swift in Sources */,
				89194B9025DD9FE000E8E21B /* HomeViewModel.swift in Sources */,
				89194B6025DD918D00E8E21B /* HTTPClient.swift in Sources */,
				89750D0A25DF8B8D00F2A239 /* GitService.swift in Sources */,
				89194B5A25DD917300E8E21B /* HTTPRequest.swift in Sources */,
				89750D0925DF8B8D00F2A239 /* ApiConstants.swift in Sources */,
				89194B0C25DD8A8100E8E21B /* SceneDelegate.swift in Sources */,
				89194B5425DD915600E8E21B /* HTTPResponseHandler.swift in Sources */,
				89194BA325DDA58400E8E21B /* CommitCell.swift in Sources */,
			);
			runOnlyForDeploymentPostprocessing = 0;
		};
		89194B1825DD8A8400E8E21B /* Sources */ = {
			isa = PBXSourcesBuildPhase;
			buildActionMask = 2147483647;
			files = (
				89194C2125DEE3B800E8E21B /* FakeHomeViewModelDelegate.swift in Sources */,
				89194C1725DEDF0200E8E21B /* FakeAlertPresenter.swift in Sources */,
				89194C5C25DEE9E800E8E21B /* AlertPresenterTests.swift in Sources */,
				89194C6A25DEEAC000E8E21B /* CommitServiceTest.swift in Sources */,
				89194C1C25DEDF5400E8E21B /* FakeGitService.swift in Sources */,
				89194C6425DEEA1100E8E21B /* PartiallyFakeViewController.swift in Sources */,
				89194C3125DEE65000E8E21B /* XCTestCase_FatalError.swift in Sources */,
				89194B2125DD8A8400E8E21B /* GitCommitsTests.swift in Sources */,
				89194BE925DEDC7600E8E21B /* FakeHTTPResponseHandler.swift in Sources */,
				89194BDA25DEDC4B00E8E21B /* FakeSessionManager.swift in Sources */,
				89194C0025DEDDED00E8E21B /* HTTPRequestTests.swift in Sources */,
				89194C1225DEDEE700E8E21B /* FakeHTTPClient.swift in Sources */,
				89194C4625DEE71600E8E21B /* CommitTest.swift in Sources */,
				89194BFB25DEDD8C00E8E21B /* Resources.swift in Sources */,
				89750CDB25DF880400F2A239 /* FakeHomeViewModel.swift in Sources */,
				89194BD125DEDB2800E8E21B /* HTTPClientTests.swift in Sources */,
				89750D3325DF8EFA00F2A239 /* CommitCellViewTest.swift in Sources */,
				89750D2E25DF8EEB00F2A239 /* CommitCellTest.swift in Sources */,
				89194C9425DEF09E00E8E21B /* HomeViewtest.swift in Sources */,
				89194C8A25DEEF1C00E8E21B /* HomeViewModelTest.swift in Sources */,
				89194C0A25DEDE6600E8E21B /* Result+Testing.swift in Sources */,
				89194C2625DEE3E000E8E21B /* FakeCommitCellView.swift in Sources */,
				89194C9925DF277B00E8E21B /* HomeViewControllerTest.swift in Sources */,
				89194C0525DEDE0B00E8E21B /* HTTPResponseHandlerTests.swift in Sources */,
				89194C8F25DEF07900E8E21B /* CustomViewTests.swift in Sources */,
			);
			runOnlyForDeploymentPostprocessing = 0;
		};
		89194B2325DD8A8400E8E21B /* Sources */ = {
			isa = PBXSourcesBuildPhase;
			buildActionMask = 2147483647;
			files = (
				89750D5725DF94C300F2A239 /* HomeScreenSteps.swift in Sources */,
				89750D4625DF93FC00F2A239 /* UITestBase.swift in Sources */,
				89750D5C25DF94F600F2A239 /* HomeScreenTests.swift in Sources */,
				89750D4F25DF945800F2A239 /* HomeScreenElements.swift in Sources */,
			);
			runOnlyForDeploymentPostprocessing = 0;
		};
/* End PBXSourcesBuildPhase section */

/* Begin PBXTargetDependency section */
		89194B1E25DD8A8400E8E21B /* PBXTargetDependency */ = {
			isa = PBXTargetDependency;
			target = 89194B0525DD8A8100E8E21B /* GitCommits */;
			targetProxy = 89194B1D25DD8A8400E8E21B /* PBXContainerItemProxy */;
		};
		89194B2925DD8A8400E8E21B /* PBXTargetDependency */ = {
			isa = PBXTargetDependency;
			target = 89194B0525DD8A8100E8E21B /* GitCommits */;
			targetProxy = 89194B2825DD8A8400E8E21B /* PBXContainerItemProxy */;
		};
/* End PBXTargetDependency section */

/* Begin PBXVariantGroup section */
		89194B1425DD8A8400E8E21B /* LaunchScreen.storyboard */ = {
			isa = PBXVariantGroup;
			children = (
				89194B1525DD8A8400E8E21B /* Base */,
			);
			name = LaunchScreen.storyboard;
			sourceTree = "<group>";
		};
/* End PBXVariantGroup section */

/* Begin XCBuildConfiguration section */
		89194B2E25DD8A8400E8E21B /* Debug */ = {
			isa = XCBuildConfiguration;
			buildSettings = {
				ALWAYS_SEARCH_USER_PATHS = NO;
				CLANG_ANALYZER_NONNULL = YES;
				CLANG_ANALYZER_NUMBER_OBJECT_CONVERSION = YES_AGGRESSIVE;
				CLANG_CXX_LANGUAGE_STANDARD = "gnu++14";
				CLANG_CXX_LIBRARY = "libc++";
				CLANG_ENABLE_MODULES = YES;
				CLANG_ENABLE_OBJC_ARC = YES;
				CLANG_ENABLE_OBJC_WEAK = YES;
				CLANG_WARN_BLOCK_CAPTURE_AUTORELEASING = YES;
				CLANG_WARN_BOOL_CONVERSION = YES;
				CLANG_WARN_COMMA = YES;
				CLANG_WARN_CONSTANT_CONVERSION = YES;
				CLANG_WARN_DEPRECATED_OBJC_IMPLEMENTATIONS = YES;
				CLANG_WARN_DIRECT_OBJC_ISA_USAGE = YES_ERROR;
				CLANG_WARN_DOCUMENTATION_COMMENTS = YES;
				CLANG_WARN_EMPTY_BODY = YES;
				CLANG_WARN_ENUM_CONVERSION = YES;
				CLANG_WARN_INFINITE_RECURSION = YES;
				CLANG_WARN_INT_CONVERSION = YES;
				CLANG_WARN_NON_LITERAL_NULL_CONVERSION = YES;
				CLANG_WARN_OBJC_IMPLICIT_RETAIN_SELF = YES;
				CLANG_WARN_OBJC_LITERAL_CONVERSION = YES;
				CLANG_WARN_OBJC_ROOT_CLASS = YES_ERROR;
				CLANG_WARN_QUOTED_INCLUDE_IN_FRAMEWORK_HEADER = YES;
				CLANG_WARN_RANGE_LOOP_ANALYSIS = YES;
				CLANG_WARN_STRICT_PROTOTYPES = YES;
				CLANG_WARN_SUSPICIOUS_MOVE = YES;
				CLANG_WARN_UNGUARDED_AVAILABILITY = YES_AGGRESSIVE;
				CLANG_WARN_UNREACHABLE_CODE = YES;
				CLANG_WARN__DUPLICATE_METHOD_MATCH = YES;
				COPY_PHASE_STRIP = NO;
				DEBUG_INFORMATION_FORMAT = dwarf;
				ENABLE_STRICT_OBJC_MSGSEND = YES;
				ENABLE_TESTABILITY = YES;
				GCC_C_LANGUAGE_STANDARD = gnu11;
				GCC_DYNAMIC_NO_PIC = NO;
				GCC_NO_COMMON_BLOCKS = YES;
				GCC_OPTIMIZATION_LEVEL = 0;
				GCC_PREPROCESSOR_DEFINITIONS = (
					"DEBUG=1",
					"$(inherited)",
				);
				GCC_WARN_64_TO_32_BIT_CONVERSION = YES;
				GCC_WARN_ABOUT_RETURN_TYPE = YES_ERROR;
				GCC_WARN_UNDECLARED_SELECTOR = YES;
				GCC_WARN_UNINITIALIZED_AUTOS = YES_AGGRESSIVE;
				GCC_WARN_UNUSED_FUNCTION = YES;
				GCC_WARN_UNUSED_VARIABLE = YES;
				IPHONEOS_DEPLOYMENT_TARGET = 13.0;
				MTL_ENABLE_DEBUG_INFO = INCLUDE_SOURCE;
				MTL_FAST_MATH = YES;
				ONLY_ACTIVE_ARCH = YES;
				SDKROOT = iphoneos;
				SWIFT_ACTIVE_COMPILATION_CONDITIONS = DEBUG;
				SWIFT_OPTIMIZATION_LEVEL = "-Onone";
			};
			name = Debug;
		};
		89194B2F25DD8A8500E8E21B /* Release */ = {
			isa = XCBuildConfiguration;
			buildSettings = {
				ALWAYS_SEARCH_USER_PATHS = NO;
				CLANG_ANALYZER_NONNULL = YES;
				CLANG_ANALYZER_NUMBER_OBJECT_CONVERSION = YES_AGGRESSIVE;
				CLANG_CXX_LANGUAGE_STANDARD = "gnu++14";
				CLANG_CXX_LIBRARY = "libc++";
				CLANG_ENABLE_MODULES = YES;
				CLANG_ENABLE_OBJC_ARC = YES;
				CLANG_ENABLE_OBJC_WEAK = YES;
				CLANG_WARN_BLOCK_CAPTURE_AUTORELEASING = YES;
				CLANG_WARN_BOOL_CONVERSION = YES;
				CLANG_WARN_COMMA = YES;
				CLANG_WARN_CONSTANT_CONVERSION = YES;
				CLANG_WARN_DEPRECATED_OBJC_IMPLEMENTATIONS = YES;
				CLANG_WARN_DIRECT_OBJC_ISA_USAGE = YES_ERROR;
				CLANG_WARN_DOCUMENTATION_COMMENTS = YES;
				CLANG_WARN_EMPTY_BODY = YES;
				CLANG_WARN_ENUM_CONVERSION = YES;
				CLANG_WARN_INFINITE_RECURSION = YES;
				CLANG_WARN_INT_CONVERSION = YES;
				CLANG_WARN_NON_LITERAL_NULL_CONVERSION = YES;
				CLANG_WARN_OBJC_IMPLICIT_RETAIN_SELF = YES;
				CLANG_WARN_OBJC_LITERAL_CONVERSION = YES;
				CLANG_WARN_OBJC_ROOT_CLASS = YES_ERROR;
				CLANG_WARN_QUOTED_INCLUDE_IN_FRAMEWORK_HEADER = YES;
				CLANG_WARN_RANGE_LOOP_ANALYSIS = YES;
				CLANG_WARN_STRICT_PROTOTYPES = YES;
				CLANG_WARN_SUSPICIOUS_MOVE = YES;
				CLANG_WARN_UNGUARDED_AVAILABILITY = YES_AGGRESSIVE;
				CLANG_WARN_UNREACHABLE_CODE = YES;
				CLANG_WARN__DUPLICATE_METHOD_MATCH = YES;
				COPY_PHASE_STRIP = NO;
				DEBUG_INFORMATION_FORMAT = "dwarf-with-dsym";
				ENABLE_NS_ASSERTIONS = NO;
				ENABLE_STRICT_OBJC_MSGSEND = YES;
				GCC_C_LANGUAGE_STANDARD = gnu11;
				GCC_NO_COMMON_BLOCKS = YES;
				GCC_WARN_64_TO_32_BIT_CONVERSION = YES;
				GCC_WARN_ABOUT_RETURN_TYPE = YES_ERROR;
				GCC_WARN_UNDECLARED_SELECTOR = YES;
				GCC_WARN_UNINITIALIZED_AUTOS = YES_AGGRESSIVE;
				GCC_WARN_UNUSED_FUNCTION = YES;
				GCC_WARN_UNUSED_VARIABLE = YES;
				IPHONEOS_DEPLOYMENT_TARGET = 13.0;
				MTL_ENABLE_DEBUG_INFO = NO;
				MTL_FAST_MATH = YES;
				SDKROOT = iphoneos;
				SWIFT_COMPILATION_MODE = wholemodule;
				SWIFT_OPTIMIZATION_LEVEL = "-O";
				VALIDATE_PRODUCT = YES;
			};
			name = Release;
		};
		89194B3125DD8A8500E8E21B /* Debug */ = {
			isa = XCBuildConfiguration;
			baseConfigurationReference = A0CE3B83D8E2E04AB04A754E /* Pods-GitCommits.debug.xcconfig */;
			buildSettings = {
				ASSETCATALOG_COMPILER_APPICON_NAME = AppIcon;
				ASSETCATALOG_COMPILER_GLOBAL_ACCENT_COLOR_NAME = AccentColor;
				CODE_SIGN_STYLE = Automatic;
				DEVELOPMENT_TEAM = 8STB73A968;
				INFOPLIST_FILE = GitCommits/Info.plist;
				LD_RUNPATH_SEARCH_PATHS = (
					"$(inherited)",
					"@executable_path/Frameworks",
				);
				PRODUCT_BUNDLE_IDENTIFIER = thien.com.GitCommits;
				PRODUCT_NAME = "$(TARGET_NAME)";
				SWIFT_VERSION = 5.0;
				TARGETED_DEVICE_FAMILY = "1,2";
			};
			name = Debug;
		};
		89194B3225DD8A8500E8E21B /* Release */ = {
			isa = XCBuildConfiguration;
			baseConfigurationReference = C6D9F473A4750F04BE63EB73 /* Pods-GitCommits.release.xcconfig */;
			buildSettings = {
				ASSETCATALOG_COMPILER_APPICON_NAME = AppIcon;
				ASSETCATALOG_COMPILER_GLOBAL_ACCENT_COLOR_NAME = AccentColor;
				CODE_SIGN_STYLE = Automatic;
				DEVELOPMENT_TEAM = 8STB73A968;
				INFOPLIST_FILE = GitCommits/Info.plist;
				LD_RUNPATH_SEARCH_PATHS = (
					"$(inherited)",
					"@executable_path/Frameworks",
				);
				PRODUCT_BUNDLE_IDENTIFIER = thien.com.GitCommits;
				PRODUCT_NAME = "$(TARGET_NAME)";
				SWIFT_VERSION = 5.0;
				TARGETED_DEVICE_FAMILY = "1,2";
			};
			name = Release;
		};
		89194B3425DD8A8500E8E21B /* Debug */ = {
			isa = XCBuildConfiguration;
			baseConfigurationReference = B7D2E7E54A83F1CB2CF24E33 /* Pods-GitCommitsTests.debug.xcconfig */;
			buildSettings = {
				ALWAYS_EMBED_SWIFT_STANDARD_LIBRARIES = YES;
				BUNDLE_LOADER = "$(TEST_HOST)";
				CODE_SIGN_STYLE = Automatic;
				DEVELOPMENT_TEAM = 8STB73A968;
				INFOPLIST_FILE = GitCommitsTests/Info.plist;
				IPHONEOS_DEPLOYMENT_TARGET = 14.4;
				LD_RUNPATH_SEARCH_PATHS = (
					"$(inherited)",
					"@executable_path/Frameworks",
					"@loader_path/Frameworks",
				);
				PRODUCT_BUNDLE_IDENTIFIER = thien.com.GitCommitsTests;
				PRODUCT_NAME = "$(TARGET_NAME)";
				SWIFT_VERSION = 5.0;
				TARGETED_DEVICE_FAMILY = "1,2";
				TEST_HOST = "$(BUILT_PRODUCTS_DIR)/GitCommits.app/GitCommits";
			};
			name = Debug;
		};
		89194B3525DD8A8500E8E21B /* Release */ = {
			isa = XCBuildConfiguration;
			baseConfigurationReference = 25220A4E3FAA02188B960BD4 /* Pods-GitCommitsTests.release.xcconfig */;
			buildSettings = {
				ALWAYS_EMBED_SWIFT_STANDARD_LIBRARIES = YES;
				BUNDLE_LOADER = "$(TEST_HOST)";
				CODE_SIGN_STYLE = Automatic;
				DEVELOPMENT_TEAM = 8STB73A968;
				INFOPLIST_FILE = GitCommitsTests/Info.plist;
				IPHONEOS_DEPLOYMENT_TARGET = 14.4;
				LD_RUNPATH_SEARCH_PATHS = (
					"$(inherited)",
					"@executable_path/Frameworks",
					"@loader_path/Frameworks",
				);
				PRODUCT_BUNDLE_IDENTIFIER = thien.com.GitCommitsTests;
				PRODUCT_NAME = "$(TARGET_NAME)";
				SWIFT_VERSION = 5.0;
				TARGETED_DEVICE_FAMILY = "1,2";
				TEST_HOST = "$(BUILT_PRODUCTS_DIR)/GitCommits.app/GitCommits";
			};
			name = Release;
		};
		89194B3725DD8A8500E8E21B /* Debug */ = {
			isa = XCBuildConfiguration;
			baseConfigurationReference = 1CDC99BB2077DBC7B38A51DB /* Pods-GitCommits-GitCommitsUITests.debug.xcconfig */;
			buildSettings = {
				ALWAYS_EMBED_SWIFT_STANDARD_LIBRARIES = YES;
				CODE_SIGN_STYLE = Automatic;
				DEVELOPMENT_TEAM = 8STB73A968;
				INFOPLIST_FILE = GitCommitsUITests/Info.plist;
				LD_RUNPATH_SEARCH_PATHS = (
					"$(inherited)",
					"@executable_path/Frameworks",
					"@loader_path/Frameworks",
				);
				PRODUCT_BUNDLE_IDENTIFIER = thien.com.GitCommitsUITests;
				PRODUCT_NAME = "$(TARGET_NAME)";
				SWIFT_VERSION = 5.0;
				TARGETED_DEVICE_FAMILY = "1,2";
				TEST_TARGET_NAME = GitCommits;
			};
			name = Debug;
		};
		89194B3825DD8A8500E8E21B /* Release */ = {
			isa = XCBuildConfiguration;
			baseConfigurationReference = 5956474468792103950B7E8D /* Pods-GitCommits-GitCommitsUITests.release.xcconfig */;
			buildSettings = {
				ALWAYS_EMBED_SWIFT_STANDARD_LIBRARIES = YES;
				CODE_SIGN_STYLE = Automatic;
				DEVELOPMENT_TEAM = 8STB73A968;
				INFOPLIST_FILE = GitCommitsUITests/Info.plist;
				LD_RUNPATH_SEARCH_PATHS = (
					"$(inherited)",
					"@executable_path/Frameworks",
					"@loader_path/Frameworks",
				);
				PRODUCT_BUNDLE_IDENTIFIER = thien.com.GitCommitsUITests;
				PRODUCT_NAME = "$(TARGET_NAME)";
				SWIFT_VERSION = 5.0;
				TARGETED_DEVICE_FAMILY = "1,2";
				TEST_TARGET_NAME = GitCommits;
			};
			name = Release;
		};
/* End XCBuildConfiguration section */

/* Begin XCConfigurationList section */
		89194B0125DD8A8100E8E21B /* Build configuration list for PBXProject "GitCommits" */ = {
			isa = XCConfigurationList;
			buildConfigurations = (
				89194B2E25DD8A8400E8E21B /* Debug */,
				89194B2F25DD8A8500E8E21B /* Release */,
			);
			defaultConfigurationIsVisible = 0;
			defaultConfigurationName = Release;
		};
		89194B3025DD8A8500E8E21B /* Build configuration list for PBXNativeTarget "GitCommits" */ = {
			isa = XCConfigurationList;
			buildConfigurations = (
				89194B3125DD8A8500E8E21B /* Debug */,
				89194B3225DD8A8500E8E21B /* Release */,
			);
			defaultConfigurationIsVisible = 0;
			defaultConfigurationName = Release;
		};
		89194B3325DD8A8500E8E21B /* Build configuration list for PBXNativeTarget "GitCommitsTests" */ = {
			isa = XCConfigurationList;
			buildConfigurations = (
				89194B3425DD8A8500E8E21B /* Debug */,
				89194B3525DD8A8500E8E21B /* Release */,
			);
			defaultConfigurationIsVisible = 0;
			defaultConfigurationName = Release;
		};
		89194B3625DD8A8500E8E21B /* Build configuration list for PBXNativeTarget "GitCommitsUITests" */ = {
			isa = XCConfigurationList;
			buildConfigurations = (
				89194B3725DD8A8500E8E21B /* Debug */,
				89194B3825DD8A8500E8E21B /* Release */,
			);
			defaultConfigurationIsVisible = 0;
			defaultConfigurationName = Release;
		};
/* End XCConfigurationList section */
	};
	rootObject = 89194AFE25DD8A8100E8E21B /* Project object */;
}
